{
  "version": 4,
  "terraform_version": "1.3.7",
  "serial": 1,
  "lineage": "938c93d4-a389-14f4-4268-6fad050ba48c",
  "outputs": {},
  "resources": [
    {
      "mode": "managed",
      "type": "azurerm_log_analytics_workspace",
      "name": "logworkspace123",
      "provider": "provider[\"registry.terraform.io/hashicorp/azurerm\"]",
      "instances": [
        {
          "schema_version": 2,
          "attributes": {
            "daily_quota_gb": -1,
            "id": "/subscriptions/97a0f7b9-3bf7-4c59-99a8-064c85ed7df7/resourceGroups/cloud-shell-storage-southeastasia/providers/Microsoft.OperationalInsights/workspaces/SHlogworkspace",
            "internet_ingestion_enabled": true,
            "internet_query_enabled": true,
            "location": "eastus",
            "name": "SHlogworkspace",
            "portal_url": "",
            "primary_shared_key": "0TmyxUhOO9+82R9KIS3KYFw1aZLGxTQ9cP9S8DGvRSm8mJSrbCUhNPhAl6StWrl/nPMPe4Z0x4zKHOynVi5rFA==",
            "resource_group_name": "cloud-shell-storage-southeastasia",
            "retention_in_days": 30,
            "secondary_shared_key": "id7J5dt/IoxuxTcTU11G3u8a6iuZISoa13ko6X0JH6tzayWROD70vymXOVf23LSzMyYugfFag5Z2fTBRDXL+vw==",
            "sku": "pergb2018",
            "tags": null,
            "timeouts": null,
            "workspace_id": "d33e7f55-17b4-460c-83ca-8a858a10f895"
          },
          "sensitive_attributes": [],
          "private": "eyJlMmJmYjczMC1lY2FhLTExZTYtOGY4OC0zNDM2M2JjN2M0YzAiOnsiY3JlYXRlIjoxODAwMDAwMDAwMDAwLCJkZWxldGUiOjE4MDAwMDAwMDAwMDAsInJlYWQiOjMwMDAwMDAwMDAwMCwidXBkYXRlIjoxODAwMDAwMDAwMDAwfSwic2NoZW1hX3ZlcnNpb24iOiIyIn0="
        }
      ]
    }
  ],
  "check_results": null
}
